
Microsoft Visual Studio Solution File, Format Version 12.00
# Visual Studio Version 16
VisualStudioVersion = 16.0.28705.295
MinimumVisualStudioVersion = 10.0.40219.1
Project("{9A19103F-16F7-4668-BE54-9A1E7A4F7556}") = "OAuthWeb", "OAuthWeb\OAuthWeb.csproj", "{53EFF619-1ECB-444D-AD57-6E9BAD42AF21}"
EndProject
Project("{9A19103F-16F7-4668-BE54-9A1E7A4F7556}") = "SecureSPA", "SecureSPA\SecureSPA.csproj", "{8D90573A-9D4A-4773-8594-BE5CC54EC9B4}"
EndProject
Project("{FAE04EC0-301F-11D3-BF4B-00C04F79EFBC}") = "ScaffoldIdentityWeb", "ScaffoldIdentityWeb\ScaffoldIdentityWeb.csproj", "{DFDFC668-07DE-4A70-8539-E9772562D725}"
EndProject
Global
	GlobalSection(SolutionConfigurationPlatforms) = preSolution
		Debug|Any CPU = Debug|Any CPU
		Release|Any CPU = Release|Any CPU
	EndGlobalSection
	GlobalSection(ProjectConfigurationPlatforms) = postSolution
		{53EFF619-1ECB-444D-AD57-6E9BAD42AF21}.Debug|Any CPU.ActiveCfg = Debug|Any CPU
		{53EFF619-1ECB-444D-AD57-6E9BAD42AF21}.Debug|Any CPU.Build.0 = Debug|Any CPU
		{53EFF619-1ECB-444D-AD57-6E9BAD42AF21}.Release|Any CPU.ActiveCfg = Release|Any CPU
		{53EFF619-1ECB-444D-AD57-6E9BAD42AF21}.Release|Any CPU.Build.0 = Release|Any CPU
		{8D90573A-9D4A-4773-8594-BE5CC54EC9B4}.Debug|Any CPU.ActiveCfg = Debug|Any CPU
		{8D90573A-9D4A-4773-8594-BE5CC54EC9B4}.Debug|Any CPU.Build.0 = Debug|Any CPU
		{8D90573A-9D4A-4773-8594-BE5CC54EC9B4}.Release|Any CPU.ActiveCfg = Release|Any CPU
		{8D90573A-9D4A-4773-8594-BE5CC54EC9B4}.Release|Any CPU.Build.0 = Release|Any CPU
		{DFDFC668-07DE-4A70-8539-E9772562D725}.Debug|Any CPU.ActiveCfg = Debug|Any CPU
		{DFDFC668-07DE-4A70-8539-E9772562D725}.Debug|Any CPU.Build.0 = Debug|Any CPU
		{DFDFC668-07DE-4A70-8539-E9772562D725}.Release|Any CPU.ActiveCfg = Release|Any CPU
		{DFDFC668-07DE-4A70-8539-E9772562D725}.Release|Any CPU.Build.0 = Release|Any CPU
	EndGlobalSection
	GlobalSection(SolutionProperties) = preSolution
		HideSolutionNode = FALSE
	EndGlobalSection
	GlobalSection(ExtensibilityGlobals) = postSolution
		SolutionGuid = {8513324D-6802-4C16-AC89-796585E236A1}
	EndGlobalSection
EndGlobal
