
Microsoft Visual Studio Solution File, Format Version 12.00
# Visual Studio 15
VisualStudioVersion = 15.0.28307.168
MinimumVisualStudioVersion = 10.0.40219.1
Project("{FAE04EC0-301F-11D3-BF4B-00C04F79EFBC}") = "TNT.Core.Hooker", "TNT.Core.Hooker\TNT.Core.Hooker.csproj", "{4D885250-D9FD-435A-9A28-7C69EB812786}"
EndProject
Project("{FAE04EC0-301F-11D3-BF4B-00C04F79EFBC}") = "HookTest", "HookTest\HookTest.csproj", "{B22D720B-BC5F-45A2-9821-B283FF0D4B4A}"
EndProject
Global
	GlobalSection(SolutionConfigurationPlatforms) = preSolution
		Debug|Any CPU = Debug|Any CPU
		Release|Any CPU = Release|Any CPU
	EndGlobalSection
	GlobalSection(ProjectConfigurationPlatforms) = postSolution
		{4D885250-D9FD-435A-9A28-7C69EB812786}.Debug|Any CPU.ActiveCfg = Debug|Any CPU
		{4D885250-D9FD-435A-9A28-7C69EB812786}.Debug|Any CPU.Build.0 = Debug|Any CPU
		{4D885250-D9FD-435A-9A28-7C69EB812786}.Release|Any CPU.ActiveCfg = Release|Any CPU
		{4D885250-D9FD-435A-9A28-7C69EB812786}.Release|Any CPU.Build.0 = Release|Any CPU
		{B22D720B-BC5F-45A2-9821-B283FF0D4B4A}.Debug|Any CPU.ActiveCfg = Debug|Any CPU
		{B22D720B-BC5F-45A2-9821-B283FF0D4B4A}.Debug|Any CPU.Build.0 = Debug|Any CPU
		{B22D720B-BC5F-45A2-9821-B283FF0D4B4A}.Release|Any CPU.ActiveCfg = Release|Any CPU
		{B22D720B-BC5F-45A2-9821-B283FF0D4B4A}.Release|Any CPU.Build.0 = Release|Any CPU
	EndGlobalSection
	GlobalSection(SolutionProperties) = preSolution
		HideSolutionNode = FALSE
	EndGlobalSection
	GlobalSection(ExtensibilityGlobals) = postSolution
		SolutionGuid = {4E093D09-F24D-49C0-A213-6AC3FA083290}
	EndGlobalSection
EndGlobal
