
Microsoft Visual Studio Solution File, Format Version 12.00
# Visual Studio Version 16
VisualStudioVersion = 16.0.28705.295
MinimumVisualStudioVersion = 10.0.40219.1
Project("{FAE04EC0-301F-11D3-BF4B-00C04F79EFBC}") = "TNT.Core.EmailService", "TNT.Core.EmailService\TNT.Core.EmailService.csproj", "{FE056FDD-7B1D-4C69-846F-653C5285B054}"
EndProject
Global
	GlobalSection(SolutionConfigurationPlatforms) = preSolution
		Debug|Any CPU = Debug|Any CPU
		Release|Any CPU = Release|Any CPU
	EndGlobalSection
	GlobalSection(ProjectConfigurationPlatforms) = postSolution
		{FE056FDD-7B1D-4C69-846F-653C5285B054}.Debug|Any CPU.ActiveCfg = Debug|Any CPU
		{FE056FDD-7B1D-4C69-846F-653C5285B054}.Debug|Any CPU.Build.0 = Debug|Any CPU
		{FE056FDD-7B1D-4C69-846F-653C5285B054}.Release|Any CPU.ActiveCfg = Release|Any CPU
		{FE056FDD-7B1D-4C69-846F-653C5285B054}.Release|Any CPU.Build.0 = Release|Any CPU
	EndGlobalSection
	GlobalSection(SolutionProperties) = preSolution
		HideSolutionNode = FALSE
	EndGlobalSection
	GlobalSection(ExtensibilityGlobals) = postSolution
		SolutionGuid = {A79E7164-4264-4512-9FA9-96E7FFF235A8}
	EndGlobalSection
EndGlobal
