
Microsoft Visual Studio Solution File, Format Version 12.00
# Visual Studio 15
VisualStudioVersion = 15.0.28307.168
MinimumVisualStudioVersion = 10.0.40219.1
Project("{9A19103F-16F7-4668-BE54-9A1E7A4F7556}") = "TestMongo", "TestMongo\TestMongo.csproj", "{6A040225-7014-4A9E-ACB0-1FE4CE76E462}"
EndProject
Project("{9A19103F-16F7-4668-BE54-9A1E7A4F7556}") = "BookStore.Data", "BookStore.Data\BookStore.Data.csproj", "{33419A57-0716-4F74-9E5B-51AE24D4627D}"
EndProject
Project("{FAE04EC0-301F-11D3-BF4B-00C04F79EFBC}") = "TempDataService", "TempDataService\TempDataService.csproj", "{35DD71B7-0763-48CF-9ADA-6253A62B1C90}"
EndProject
Global
	GlobalSection(SolutionConfigurationPlatforms) = preSolution
		Debug|Any CPU = Debug|Any CPU
		Release|Any CPU = Release|Any CPU
	EndGlobalSection
	GlobalSection(ProjectConfigurationPlatforms) = postSolution
		{6A040225-7014-4A9E-ACB0-1FE4CE76E462}.Debug|Any CPU.ActiveCfg = Debug|Any CPU
		{6A040225-7014-4A9E-ACB0-1FE4CE76E462}.Debug|Any CPU.Build.0 = Debug|Any CPU
		{6A040225-7014-4A9E-ACB0-1FE4CE76E462}.Release|Any CPU.ActiveCfg = Release|Any CPU
		{6A040225-7014-4A9E-ACB0-1FE4CE76E462}.Release|Any CPU.Build.0 = Release|Any CPU
		{33419A57-0716-4F74-9E5B-51AE24D4627D}.Debug|Any CPU.ActiveCfg = Debug|Any CPU
		{33419A57-0716-4F74-9E5B-51AE24D4627D}.Debug|Any CPU.Build.0 = Debug|Any CPU
		{33419A57-0716-4F74-9E5B-51AE24D4627D}.Release|Any CPU.ActiveCfg = Release|Any CPU
		{33419A57-0716-4F74-9E5B-51AE24D4627D}.Release|Any CPU.Build.0 = Release|Any CPU
		{35DD71B7-0763-48CF-9ADA-6253A62B1C90}.Debug|Any CPU.ActiveCfg = Debug|Any CPU
		{35DD71B7-0763-48CF-9ADA-6253A62B1C90}.Debug|Any CPU.Build.0 = Debug|Any CPU
		{35DD71B7-0763-48CF-9ADA-6253A62B1C90}.Release|Any CPU.ActiveCfg = Release|Any CPU
		{35DD71B7-0763-48CF-9ADA-6253A62B1C90}.Release|Any CPU.Build.0 = Release|Any CPU
	EndGlobalSection
	GlobalSection(SolutionProperties) = preSolution
		HideSolutionNode = FALSE
	EndGlobalSection
	GlobalSection(ExtensibilityGlobals) = postSolution
		SolutionGuid = {DC8C9DC4-C164-445B-9C93-82C8D93B832E}
	EndGlobalSection
EndGlobal
