
Microsoft Visual Studio Solution File, Format Version 12.00
# Visual Studio 15
VisualStudioVersion = 15.0.28307.136
MinimumVisualStudioVersion = 10.0.40219.1
Project("{FAE04EC0-301F-11D3-BF4B-00C04F79EFBC}") = "TNT.Template.DataService", "TNT.Template.DataService\TNT.Template.DataService.csproj", "{7E0EEA74-527F-41B1-9D48-E0D093EF6661}"
EndProject
Project("{FAE04EC0-301F-11D3-BF4B-00C04F79EFBC}") = "TestDataService", "TestDataService\TestDataService.csproj", "{4F618639-E6ED-4888-A742-BCDCE83F8C02}"
EndProject
Project("{FAE04EC0-301F-11D3-BF4B-00C04F79EFBC}") = "TNT.TemplateAPI", "..\TNT.TemplateAPI\TNT.TemplateAPI\TNT.TemplateAPI.csproj", "{0E35997B-6FB9-4CED-98A1-6DCD912247D6}"
EndProject
Project("{FAE04EC0-301F-11D3-BF4B-00C04F79EFBC}") = "TestWebApi", "TestWebApi\TestWebApi.csproj", "{AA2CBA6A-4BC8-45AB-AEB4-6D4FCDB6CE44}"
EndProject
Project("{FAE04EC0-301F-11D3-BF4B-00C04F79EFBC}") = "TNT.IoC", "..\TNT.IoC\TNT.IoC\TNT.IoC.csproj", "{DC260D19-7D86-43C8-846D-8285DB3226C4}"
EndProject
Global
	GlobalSection(SolutionConfigurationPlatforms) = preSolution
		Debug|Any CPU = Debug|Any CPU
		Release|Any CPU = Release|Any CPU
	EndGlobalSection
	GlobalSection(ProjectConfigurationPlatforms) = postSolution
		{7E0EEA74-527F-41B1-9D48-E0D093EF6661}.Debug|Any CPU.ActiveCfg = Debug|Any CPU
		{7E0EEA74-527F-41B1-9D48-E0D093EF6661}.Debug|Any CPU.Build.0 = Debug|Any CPU
		{7E0EEA74-527F-41B1-9D48-E0D093EF6661}.Release|Any CPU.ActiveCfg = Release|Any CPU
		{7E0EEA74-527F-41B1-9D48-E0D093EF6661}.Release|Any CPU.Build.0 = Release|Any CPU
		{4F618639-E6ED-4888-A742-BCDCE83F8C02}.Debug|Any CPU.ActiveCfg = Debug|Any CPU
		{4F618639-E6ED-4888-A742-BCDCE83F8C02}.Debug|Any CPU.Build.0 = Debug|Any CPU
		{4F618639-E6ED-4888-A742-BCDCE83F8C02}.Release|Any CPU.ActiveCfg = Release|Any CPU
		{4F618639-E6ED-4888-A742-BCDCE83F8C02}.Release|Any CPU.Build.0 = Release|Any CPU
		{0E35997B-6FB9-4CED-98A1-6DCD912247D6}.Debug|Any CPU.ActiveCfg = Debug|Any CPU
		{0E35997B-6FB9-4CED-98A1-6DCD912247D6}.Debug|Any CPU.Build.0 = Debug|Any CPU
		{0E35997B-6FB9-4CED-98A1-6DCD912247D6}.Release|Any CPU.ActiveCfg = Release|Any CPU
		{0E35997B-6FB9-4CED-98A1-6DCD912247D6}.Release|Any CPU.Build.0 = Release|Any CPU
		{AA2CBA6A-4BC8-45AB-AEB4-6D4FCDB6CE44}.Debug|Any CPU.ActiveCfg = Debug|Any CPU
		{AA2CBA6A-4BC8-45AB-AEB4-6D4FCDB6CE44}.Debug|Any CPU.Build.0 = Debug|Any CPU
		{AA2CBA6A-4BC8-45AB-AEB4-6D4FCDB6CE44}.Release|Any CPU.ActiveCfg = Release|Any CPU
		{AA2CBA6A-4BC8-45AB-AEB4-6D4FCDB6CE44}.Release|Any CPU.Build.0 = Release|Any CPU
		{DC260D19-7D86-43C8-846D-8285DB3226C4}.Debug|Any CPU.ActiveCfg = Debug|Any CPU
		{DC260D19-7D86-43C8-846D-8285DB3226C4}.Debug|Any CPU.Build.0 = Debug|Any CPU
		{DC260D19-7D86-43C8-846D-8285DB3226C4}.Release|Any CPU.ActiveCfg = Release|Any CPU
		{DC260D19-7D86-43C8-846D-8285DB3226C4}.Release|Any CPU.Build.0 = Release|Any CPU
	EndGlobalSection
	GlobalSection(SolutionProperties) = preSolution
		HideSolutionNode = FALSE
	EndGlobalSection
	GlobalSection(ExtensibilityGlobals) = postSolution
		SolutionGuid = {44572562-8C82-4C5B-B953-8F1DBF3CE51D}
	EndGlobalSection
EndGlobal
