
Microsoft Visual Studio Solution File, Format Version 12.00
# Visual Studio 15
VisualStudioVersion = 15.0.28307.168
MinimumVisualStudioVersion = 10.0.40219.1
Project("{FAE04EC0-301F-11D3-BF4B-00C04F79EFBC}") = "TNT.OAuth", "TNT.OAuth\TNT.OAuth.csproj", "{309FE5E5-E4E6-4BC7-9AAF-AB9270799B9E}"
EndProject
Project("{FAE04EC0-301F-11D3-BF4B-00C04F79EFBC}") = "TestOAuth", "TestOAuth\TestOAuth.csproj", "{26DCFC3D-A3DD-48B2-8A36-7B3FC092FF34}"
EndProject
Project("{FAE04EC0-301F-11D3-BF4B-00C04F79EFBC}") = "TNT.Helpers.WebApi", "..\TNT.Helpers.WebApi\TNT.Helpers.WebApi\TNT.Helpers.WebApi.csproj", "{F04435E1-3486-48CB-AEEA-15C5B466A376}"
EndProject
Global
	GlobalSection(SolutionConfigurationPlatforms) = preSolution
		Debug|Any CPU = Debug|Any CPU
		Release|Any CPU = Release|Any CPU
	EndGlobalSection
	GlobalSection(ProjectConfigurationPlatforms) = postSolution
		{309FE5E5-E4E6-4BC7-9AAF-AB9270799B9E}.Debug|Any CPU.ActiveCfg = Debug|Any CPU
		{309FE5E5-E4E6-4BC7-9AAF-AB9270799B9E}.Debug|Any CPU.Build.0 = Debug|Any CPU
		{309FE5E5-E4E6-4BC7-9AAF-AB9270799B9E}.Release|Any CPU.ActiveCfg = Release|Any CPU
		{309FE5E5-E4E6-4BC7-9AAF-AB9270799B9E}.Release|Any CPU.Build.0 = Release|Any CPU
		{26DCFC3D-A3DD-48B2-8A36-7B3FC092FF34}.Debug|Any CPU.ActiveCfg = Debug|Any CPU
		{26DCFC3D-A3DD-48B2-8A36-7B3FC092FF34}.Debug|Any CPU.Build.0 = Debug|Any CPU
		{26DCFC3D-A3DD-48B2-8A36-7B3FC092FF34}.Release|Any CPU.ActiveCfg = Release|Any CPU
		{26DCFC3D-A3DD-48B2-8A36-7B3FC092FF34}.Release|Any CPU.Build.0 = Release|Any CPU
		{F04435E1-3486-48CB-AEEA-15C5B466A376}.Debug|Any CPU.ActiveCfg = Debug|Any CPU
		{F04435E1-3486-48CB-AEEA-15C5B466A376}.Debug|Any CPU.Build.0 = Debug|Any CPU
		{F04435E1-3486-48CB-AEEA-15C5B466A376}.Release|Any CPU.ActiveCfg = Release|Any CPU
		{F04435E1-3486-48CB-AEEA-15C5B466A376}.Release|Any CPU.Build.0 = Release|Any CPU
	EndGlobalSection
	GlobalSection(SolutionProperties) = preSolution
		HideSolutionNode = FALSE
	EndGlobalSection
	GlobalSection(ExtensibilityGlobals) = postSolution
		SolutionGuid = {CD75ACBA-8911-484F-A039-3FF38926A7F7}
	EndGlobalSection
EndGlobal
