
Microsoft Visual Studio Solution File, Format Version 12.00
# Visual Studio 15
VisualStudioVersion = 15.0.28307.168
MinimumVisualStudioVersion = 10.0.40219.1
Project("{9A19103F-16F7-4668-BE54-9A1E7A4F7556}") = "TNT.Core.Helpers", "TNT.Core.Helpers\TNT.Core.Helpers.csproj", "{45B5492A-A65B-4518-865E-5ABC2028EC77}"
EndProject
Global
	GlobalSection(SolutionConfigurationPlatforms) = preSolution
		Debug|Any CPU = Debug|Any CPU
		Release|Any CPU = Release|Any CPU
	EndGlobalSection
	GlobalSection(ProjectConfigurationPlatforms) = postSolution
		{45B5492A-A65B-4518-865E-5ABC2028EC77}.Debug|Any CPU.ActiveCfg = Debug|Any CPU
		{45B5492A-A65B-4518-865E-5ABC2028EC77}.Debug|Any CPU.Build.0 = Debug|Any CPU
		{45B5492A-A65B-4518-865E-5ABC2028EC77}.Release|Any CPU.ActiveCfg = Release|Any CPU
		{45B5492A-A65B-4518-865E-5ABC2028EC77}.Release|Any CPU.Build.0 = Release|Any CPU
	EndGlobalSection
	GlobalSection(SolutionProperties) = preSolution
		HideSolutionNode = FALSE
	EndGlobalSection
	GlobalSection(ExtensibilityGlobals) = postSolution
		SolutionGuid = {7B04B928-9804-4451-803D-26ADC1D7E373}
	EndGlobalSection
EndGlobal
