
Microsoft Visual Studio Solution File, Format Version 12.00
# Visual Studio 15
VisualStudioVersion = 15.0.28307.168
MinimumVisualStudioVersion = 10.0.40219.1
Project("{9A19103F-16F7-4668-BE54-9A1E7A4F7556}") = "TNT.Core.Http", "TNT.Core.Http\TNT.Core.Http.csproj", "{7A4A3A37-276F-4683-AB20-D7B04742A166}"
EndProject
Global
	GlobalSection(SolutionConfigurationPlatforms) = preSolution
		Debug|Any CPU = Debug|Any CPU
		Release|Any CPU = Release|Any CPU
	EndGlobalSection
	GlobalSection(ProjectConfigurationPlatforms) = postSolution
		{7A4A3A37-276F-4683-AB20-D7B04742A166}.Debug|Any CPU.ActiveCfg = Debug|Any CPU
		{7A4A3A37-276F-4683-AB20-D7B04742A166}.Debug|Any CPU.Build.0 = Debug|Any CPU
		{7A4A3A37-276F-4683-AB20-D7B04742A166}.Release|Any CPU.ActiveCfg = Release|Any CPU
		{7A4A3A37-276F-4683-AB20-D7B04742A166}.Release|Any CPU.Build.0 = Release|Any CPU
	EndGlobalSection
	GlobalSection(SolutionProperties) = preSolution
		HideSolutionNode = FALSE
	EndGlobalSection
	GlobalSection(ExtensibilityGlobals) = postSolution
		SolutionGuid = {297C3D9E-28B5-45F0-BFA4-1CBC69B3487A}
	EndGlobalSection
EndGlobal
