
Microsoft Visual Studio Solution File, Format Version 12.00
# Visual Studio Version 16
VisualStudioVersion = 16.0.29920.165
MinimumVisualStudioVersion = 10.0.40219.1
Project("{FAE04EC0-301F-11D3-BF4B-00C04F79EFBC}") = "TNT.Core.WebApi", "TNT.Core.WebApi\TNT.Core.WebApi.csproj", "{4BC0D8B5-1A33-441A-9883-9CC3E1B8CBDE}"
EndProject
Project("{FAE04EC0-301F-11D3-BF4B-00C04F79EFBC}") = "TestWebApi", "TestWebApi\TestWebApi.csproj", "{7EB25547-B571-4E25-86FD-272F7820D3B5}"
EndProject
Global
	GlobalSection(SolutionConfigurationPlatforms) = preSolution
		Debug|Any CPU = Debug|Any CPU
		Release|Any CPU = Release|Any CPU
	EndGlobalSection
	GlobalSection(ProjectConfigurationPlatforms) = postSolution
		{4BC0D8B5-1A33-441A-9883-9CC3E1B8CBDE}.Debug|Any CPU.ActiveCfg = Debug|Any CPU
		{4BC0D8B5-1A33-441A-9883-9CC3E1B8CBDE}.Debug|Any CPU.Build.0 = Debug|Any CPU
		{4BC0D8B5-1A33-441A-9883-9CC3E1B8CBDE}.Release|Any CPU.ActiveCfg = Release|Any CPU
		{4BC0D8B5-1A33-441A-9883-9CC3E1B8CBDE}.Release|Any CPU.Build.0 = Release|Any CPU
		{7EB25547-B571-4E25-86FD-272F7820D3B5}.Debug|Any CPU.ActiveCfg = Debug|Any CPU
		{7EB25547-B571-4E25-86FD-272F7820D3B5}.Debug|Any CPU.Build.0 = Debug|Any CPU
		{7EB25547-B571-4E25-86FD-272F7820D3B5}.Release|Any CPU.ActiveCfg = Release|Any CPU
		{7EB25547-B571-4E25-86FD-272F7820D3B5}.Release|Any CPU.Build.0 = Release|Any CPU
	EndGlobalSection
	GlobalSection(SolutionProperties) = preSolution
		HideSolutionNode = FALSE
	EndGlobalSection
	GlobalSection(ExtensibilityGlobals) = postSolution
		SolutionGuid = {4AA59421-7F46-4699-9668-2C6551952931}
	EndGlobalSection
EndGlobal
