
Microsoft Visual Studio Solution File, Format Version 12.00
# Visual Studio 15
VisualStudioVersion = 15.0.28307.136
MinimumVisualStudioVersion = 10.0.40219.1
Project("{FAE04EC0-301F-11D3-BF4B-00C04F79EFBC}") = "TNT.Template.DataService", "TNT.Template.DataService\TNT.Template.DataService.csproj", "{7E0EEA74-527F-41B1-9D48-E0D093EF6661}"
EndProject
Global
	GlobalSection(SolutionConfigurationPlatforms) = preSolution
		Debug|Any CPU = Debug|Any CPU
		Release|Any CPU = Release|Any CPU
	EndGlobalSection
	GlobalSection(ProjectConfigurationPlatforms) = postSolution
		{7E0EEA74-527F-41B1-9D48-E0D093EF6661}.Debug|Any CPU.ActiveCfg = Debug|Any CPU
		{7E0EEA74-527F-41B1-9D48-E0D093EF6661}.Debug|Any CPU.Build.0 = Debug|Any CPU
		{7E0EEA74-527F-41B1-9D48-E0D093EF6661}.Release|Any CPU.ActiveCfg = Release|Any CPU
		{7E0EEA74-527F-41B1-9D48-E0D093EF6661}.Release|Any CPU.Build.0 = Release|Any CPU
	EndGlobalSection
	GlobalSection(SolutionProperties) = preSolution
		HideSolutionNode = FALSE
	EndGlobalSection
	GlobalSection(ExtensibilityGlobals) = postSolution
		SolutionGuid = {44572562-8C82-4C5B-B953-8F1DBF3CE51D}
	EndGlobalSection
EndGlobal
